
Microsoft Visual Studio Solution File, Format Version 12.00
# Visual Studio Version 17
VisualStudioVersion = 17.10.35013.160
MinimumVisualStudioVersion = 10.0.40219.1
Project("{FAE04EC0-301F-11D3-BF4B-00C04F79EFBC}") = "BookStoreBackEnd", "BookStoreBackEnd\BookStoreBackEnd.csproj", "{D47F2A6C-B278-413D-9A97-0C64A51C2424}"
EndProject
Global
	GlobalSection(SolutionConfigurationPlatforms) = preSolution
		Debug|Any CPU = Debug|Any CPU
		Release|Any CPU = Release|Any CPU
	EndGlobalSection
	GlobalSection(ProjectConfigurationPlatforms) = postSolution
		{D47F2A6C-B278-413D-9A97-0C64A51C2424}.Debug|Any CPU.ActiveCfg = Debug|Any CPU
		{D47F2A6C-B278-413D-9A97-0C64A51C2424}.Debug|Any CPU.Build.0 = Debug|Any CPU
		{D47F2A6C-B278-413D-9A97-0C64A51C2424}.Release|Any CPU.ActiveCfg = Release|Any CPU
		{D47F2A6C-B278-413D-9A97-0C64A51C2424}.Release|Any CPU.Build.0 = Release|Any CPU
	EndGlobalSection
	GlobalSection(SolutionProperties) = preSolution
		HideSolutionNode = FALSE
	EndGlobalSection
	GlobalSection(ExtensibilityGlobals) = postSolution
		SolutionGuid = {2BE80C72-5A00-4323-A404-3A144E783B72}
	EndGlobalSection
EndGlobal
